name: "H&R Block"
slug: "h-and-r-block"
aliases:
  - "H and R Block"
  - "HR Block"
categories:
  - online_shopping
website: "https://www.hrblock.com"
intro: |
  H&R Block prepares taxes for millions of Americans through its do-it-yourself online software, virtual pro help, and thousands of walk-in offices. Whether you buy the online edition or pay an office invoice, the charge codes as tax-preparation services — a category no consumer card bonuses.

  Two angles still pay: the charge is modest but annual, so a flat 2 percent card is the frictionless default, and the IRS-adjacent timing makes it easy signup-bonus spend in the spring. One caution — paying the taxes themselves by card through a processor adds a fee near 2 percent; run the math before chasing rewards on the tax bill itself.
